
Microsoft Visual Studio Solution File, Format Version 12.00
# Visual Studio 15
VisualStudioVersion = 15.0.28307.421
MinimumVisualStudioVersion = 10.0.40219.1
Project("{8BC9CEB8-8B4A-11D0-8D11-00A0C91BC942}") = "CS627_IP4_ComparingImages", "CS627_IP4_ComparingImages\CS627_IP4_ComparingImages.vcxproj", "{9642FC4F-98D0-45FD-A890-FB20F299EBB3}"
EndProject
Global
	GlobalSection(SolutionConfigurationPlatforms) = preSolution
		Debug|x64 = Debug|x64
		Debug|x86 = Debug|x86
		Release|x64 = Release|x64
		Release|x86 = Release|x86
	EndGlobalSection
	GlobalSection(ProjectConfigurationPlatforms) = postSolution
		{9642FC4F-98D0-45FD-A890-FB20F299EBB3}.Debug|x64.ActiveCfg = Debug|x64
		{9642FC4F-98D0-45FD-A890-FB20F299EBB3}.Debug|x64.Build.0 = Debug|x64
		{9642FC4F-98D0-45FD-A890-FB20F299EBB3}.Debug|x86.ActiveCfg = Debug|Win32
		{9642FC4F-98D0-45FD-A890-FB20F299EBB3}.Debug|x86.Build.0 = Debug|Win32
		{9642FC4F-98D0-45FD-A890-FB20F299EBB3}.Release|x64.ActiveCfg = Release|x64
		{9642FC4F-98D0-45FD-A890-FB20F299EBB3}.Release|x64.Build.0 = Release|x64
		{9642FC4F-98D0-45FD-A890-FB20F299EBB3}.Release|x86.ActiveCfg = Release|Win32
		{9642FC4F-98D0-45FD-A890-FB20F299EBB3}.Release|x86.Build.0 = Release|Win32
	EndGlobalSection
	GlobalSection(SolutionProperties) = preSolution
		HideSolutionNode = FALSE
	EndGlobalSection
	GlobalSection(ExtensibilityGlobals) = postSolution
		SolutionGuid = {A3512BEC-10D2-40BB-85A2-F54D2961FE19}
	EndGlobalSection
EndGlobal
